
Microsoft Visual Studio Solution File, Format Version 12.00
# Visual Studio Version 17
VisualStudioVersion = 17.1.32228.430
MinimumVisualStudioVersion = 10.0.40219.1
Project("{FAE04EC0-301F-11D3-BF4B-00C04F79EFBC}") = "Api", "Api\Api.csproj", "{0110A3CE-E6A6-4CA1-8137-82AA6C40AA3D}"
EndProject
Project("{FAE04EC0-301F-11D3-BF4B-00C04F79EFBC}") = "Domain", "Domain\Domain.csproj", "{9B20286F-F626-4C56-8DC0-ECA9712A985D}"
EndProject
Project("{FAE04EC0-301F-11D3-BF4B-00C04F79EFBC}") = "Infra.Data", "Infra.Data\Infra.Data.csproj", "{C213F9F6-8C4B-43E7-84C9-17DB53F9D53B}"
EndProject
Project("{FAE04EC0-301F-11D3-BF4B-00C04F79EFBC}") = "Crosscutting", "Crosscutting\Crosscutting.csproj", "{0D20D884-E05B-4FA7-A2A5-59B0B31F401A}"
EndProject
Project("{FAE04EC0-301F-11D3-BF4B-00C04F79EFBC}") = "Infra.IoC", "Infra.IoC\Infra.IoC.csproj", "{E9EFFF91-A1F4-4849-BD97-7AF0A70BD476}"
EndProject
Global
	GlobalSection(SolutionConfigurationPlatforms) = preSolution
		Debug|Any CPU = Debug|Any CPU
		Release|Any CPU = Release|Any CPU
	EndGlobalSection
	GlobalSection(ProjectConfigurationPlatforms) = postSolution
		{0110A3CE-E6A6-4CA1-8137-82AA6C40AA3D}.Debug|Any CPU.ActiveCfg = Debug|Any CPU
		{0110A3CE-E6A6-4CA1-8137-82AA6C40AA3D}.Debug|Any CPU.Build.0 = Debug|Any CPU
		{0110A3CE-E6A6-4CA1-8137-82AA6C40AA3D}.Release|Any CPU.ActiveCfg = Release|Any CPU
		{0110A3CE-E6A6-4CA1-8137-82AA6C40AA3D}.Release|Any CPU.Build.0 = Release|Any CPU
		{9B20286F-F626-4C56-8DC0-ECA9712A985D}.Debug|Any CPU.ActiveCfg = Debug|Any CPU
		{9B20286F-F626-4C56-8DC0-ECA9712A985D}.Debug|Any CPU.Build.0 = Debug|Any CPU
		{9B20286F-F626-4C56-8DC0-ECA9712A985D}.Release|Any CPU.ActiveCfg = Release|Any CPU
		{9B20286F-F626-4C56-8DC0-ECA9712A985D}.Release|Any CPU.Build.0 = Release|Any CPU
		{C213F9F6-8C4B-43E7-84C9-17DB53F9D53B}.Debug|Any CPU.ActiveCfg = Debug|Any CPU
		{C213F9F6-8C4B-43E7-84C9-17DB53F9D53B}.Debug|Any CPU.Build.0 = Debug|Any CPU
		{C213F9F6-8C4B-43E7-84C9-17DB53F9D53B}.Release|Any CPU.ActiveCfg = Release|Any CPU
		{C213F9F6-8C4B-43E7-84C9-17DB53F9D53B}.Release|Any CPU.Build.0 = Release|Any CPU
		{0D20D884-E05B-4FA7-A2A5-59B0B31F401A}.Debug|Any CPU.ActiveCfg = Debug|Any CPU
		{0D20D884-E05B-4FA7-A2A5-59B0B31F401A}.Debug|Any CPU.Build.0 = Debug|Any CPU
		{0D20D884-E05B-4FA7-A2A5-59B0B31F401A}.Release|Any CPU.ActiveCfg = Release|Any CPU
		{0D20D884-E05B-4FA7-A2A5-59B0B31F401A}.Release|Any CPU.Build.0 = Release|Any CPU
		{E9EFFF91-A1F4-4849-BD97-7AF0A70BD476}.Debug|Any CPU.ActiveCfg = Debug|Any CPU
		{E9EFFF91-A1F4-4849-BD97-7AF0A70BD476}.Debug|Any CPU.Build.0 = Debug|Any CPU
		{E9EFFF91-A1F4-4849-BD97-7AF0A70BD476}.Release|Any CPU.ActiveCfg = Release|Any CPU
		{E9EFFF91-A1F4-4849-BD97-7AF0A70BD476}.Release|Any CPU.Build.0 = Release|Any CPU
	EndGlobalSection
	GlobalSection(SolutionProperties) = preSolution
		HideSolutionNode = FALSE
	EndGlobalSection
	GlobalSection(ExtensibilityGlobals) = postSolution
		SolutionGuid = {01A61CF2-C4CE-44E3-AE5C-529C45E0C656}
	EndGlobalSection
EndGlobal
